// !$*UTF8*$!
{
	archiveVersion = 1;
	classes = {
	};
	objectVersion = 51;
	objects = {

/* Begin PBXBuildFile section */
		042513E65D13141819D1E4CB /* Pods_InterviewUI.framework in Frameworks */ = {isa = PBXBuildFile; fileRef = F0540136968D6344FFB691C9 /* Pods_InterviewUI.framework */; };
		C91068BC27B4EDD700B37FA2 /* UIKit.framework in Frameworks */ = {isa = PBXBuildFile; fileRef = C91068BB27B4EDD700B37FA2 /* UIKit.framework */; };
		C958ECFF27DB38B70096EDB9 /* RunLoopViewController.swift in Sources */ = {isa = PBXBuildFile; fileRef = C958ECFE27DB38B70096EDB9 /* RunLoopViewController.swift */; };
		C95F453027DB189C000672D0 /* BlockViewController.m in Sources */ = {isa = PBXBuildFile; fileRef = C95F452F27DB189C000672D0 /* BlockViewController.m */; };
		C95F453327DB1DF3000672D0 /* ThreadViewController.swift in Sources */ = {isa = PBXBuildFile; fileRef = C95F453227DB1DF3000672D0 /* ThreadViewController.swift */; };
		C9A49F1E2754AA940055AFEF /* AppDelegate.swift in Sources */ = {isa = PBXBuildFile; fileRef = C9A49F1D2754AA940055AFEF /* AppDelegate.swift */; };
		C9A49F222754AA940055AFEF /* PerformanceViewController.swift in Sources */ = {isa = PBXBuildFile; fileRef = C9A49F212754AA940055AFEF /* PerformanceViewController.swift */; };
		C9A49F252754AA940055AFEF /* Main.storyboard in Resources */ = {isa = PBXBuildFile; fileRef = C9A49F232754AA940055AFEF /* Main.storyboard */; };
		C9A49F272754AA950055AFEF /* Assets.xcassets in Resources */ = {isa = PBXBuildFile; fileRef = C9A49F262754AA950055AFEF /* Assets.xcassets */; };
		C9A49F2A2754AA960055AFEF /* LaunchScreen.storyboard in Resources */ = {isa = PBXBuildFile; fileRef = C9A49F282754AA960055AFEF /* LaunchScreen.storyboard */; };
		C9A49F392754AD1F0055AFEF /* ThreadPing.swift in Sources */ = {isa = PBXBuildFile; fileRef = C9A49F382754AD1F0055AFEF /* ThreadPing.swift */; };
		C9A49F452754C3DF0055AFEF /* BSBacktraceLogger.m in Sources */ = {isa = PBXBuildFile; fileRef = C9A49F442754C3DF0055AFEF /* BSBacktraceLogger.m */; };
		C9C3558627701EA900C6C01A /* ResponderGestureViewController.swift in Sources */ = {isa = PBXBuildFile; fileRef = C9C3558527701EA900C6C01A /* ResponderGestureViewController.swift */; };
		C9C355882770274E00C6C01A /* HitTestView.swift in Sources */ = {isa = PBXBuildFile; fileRef = C9C355872770274E00C6C01A /* HitTestView.swift */; };
/* End PBXBuildFile section */

/* Begin PBXFileReference section */
		59D9032C3B6AFB78DBEB1B56 /* Pods-InterviewUI.debug.xcconfig */ = {isa = PBXFileReference; includeInIndex = 1; lastKnownFileType = text.xcconfig; name = "Pods-InterviewUI.debug.xcconfig"; path = "Target Support Files/Pods-InterviewUI/Pods-InterviewUI.debug.xcconfig"; sourceTree = "<group>"; };
		C91068BB27B4EDD700B37FA2 /* UIKit.framework */ = {isa = PBXFileReference; lastKnownFileType = wrapper.framework; name = UIKit.framework; path = System/Library/Frameworks/UIKit.framework; sourceTree = SDKROOT; };
		C958ECFE27DB38B70096EDB9 /* RunLoopViewController.swift */ = {isa = PBXFileReference; lastKnownFileType = sourcecode.swift; path = RunLoopViewController.swift; sourceTree = "<group>"; };
		C95F452E27DB189C000672D0 /* BlockViewController.h */ = {isa = PBXFileReference; lastKnownFileType = sourcecode.c.h; path = BlockViewController.h; sourceTree = "<group>"; };
		C95F452F27DB189C000672D0 /* BlockViewController.m */ = {isa = PBXFileReference; lastKnownFileType = sourcecode.c.objc; path = BlockViewController.m; sourceTree = "<group>"; };
		C95F453227DB1DF3000672D0 /* ThreadViewController.swift */ = {isa = PBXFileReference; lastKnownFileType = sourcecode.swift; path = ThreadViewController.swift; sourceTree = "<group>"; };
		C9A49F1A2754AA940055AFEF /* InterviewUI.app */ = {isa = PBXFileReference; explicitFileType = wrapper.application; includeInIndex = 0; path = InterviewUI.app; sourceTree = BUILT_PRODUCTS_DIR; };
		C9A49F1D2754AA940055AFEF /* AppDelegate.swift */ = {isa = PBXFileReference; lastKnownFileType = sourcecode.swift; path = AppDelegate.swift; sourceTree = "<group>"; };
		C9A49F212754AA940055AFEF /* PerformanceViewController.swift */ = {isa = PBXFileReference; lastKnownFileType = sourcecode.swift; path = PerformanceViewController.swift; sourceTree = "<group>"; };
		C9A49F242754AA940055AFEF /* Base */ = {isa = PBXFileReference; lastKnownFileType = file.storyboard; name = Base; path = Base.lproj/Main.storyboard; sourceTree = "<group>"; };
		C9A49F262754AA950055AFEF /* Assets.xcassets */ = {isa = PBXFileReference; lastKnownFileType = folder.assetcatalog; path = Assets.xcassets; sourceTree = "<group>"; };
		C9A49F292754AA960055AFEF /* Base */ = {isa = PBXFileReference; lastKnownFileType = file.storyboard; name = Base; path = Base.lproj/LaunchScreen.storyboard; sourceTree = "<group>"; };
		C9A49F2B2754AA960055AFEF /* Info.plist */ = {isa = PBXFileReference; lastKnownFileType = text.plist.xml; path = Info.plist; sourceTree = "<group>"; };
		C9A49F382754AD1F0055AFEF /* ThreadPing.swift */ = {isa = PBXFileReference; lastKnownFileType = sourcecode.swift; path = ThreadPing.swift; sourceTree = "<group>"; };
		C9A49F3C2754C1810055AFEF /* InterviewUI-Bridging-Header.h */ = {isa = PBXFileReference; lastKnownFileType = sourcecode.c.h; path = "InterviewUI-Bridging-Header.h"; sourceTree = "<group>"; };
		C9A49F432754C3DF0055AFEF /* BSBacktraceLogger.h */ = {isa = PBXFileReference; fileEncoding = 4; lastKnownFileType = sourcecode.c.h; path = BSBacktraceLogger.h; sourceTree = "<group>"; };
		C9A49F442754C3DF0055AFEF /* BSBacktraceLogger.m */ = {isa = PBXFileReference; fileEncoding = 4; lastKnownFileType = sourcecode.c.objc; path = BSBacktraceLogger.m; sourceTree = "<group>"; };
		C9C3558527701EA900C6C01A /* ResponderGestureViewController.swift */ = {isa = PBXFileReference; lastKnownFileType = sourcecode.swift; path = ResponderGestureViewController.swift; sourceTree = "<group>"; };
		C9C355872770274E00C6C01A /* HitTestView.swift */ = {isa = PBXFileReference; lastKnownFileType = sourcecode.swift; path = HitTestView.swift; sourceTree = "<group>"; };
		D1A30FB59D22A4D269BED58A /* Pods-InterviewUI.release.xcconfig */ = {isa = PBXFileReference; includeInIndex = 1; lastKnownFileType = text.xcconfig; name = "Pods-InterviewUI.release.xcconfig"; path = "Target Support Files/Pods-InterviewUI/Pods-InterviewUI.release.xcconfig"; sourceTree = "<group>"; };
		F0540136968D6344FFB691C9 /* Pods_InterviewUI.framework */ = {isa = PBXFileReference; explicitFileType = wrapper.framework; includeInIndex = 0; path = Pods_InterviewUI.framework; sourceTree = BUILT_PRODUCTS_DIR; };
/* End PBXFileReference section */

/* Begin PBXFrameworksBuildPhase section */
		C9A49F172754AA940055AFEF /* Frameworks */ = {
			isa = PBXFrameworksBuildPhase;
			buildActionMask = 2147483647;
			files = (
				C91068BC27B4EDD700B37FA2 /* UIKit.framework in Frameworks */,
				042513E65D13141819D1E4CB /* Pods_InterviewUI.framework in Frameworks */,
			);
			runOnlyForDeploymentPostprocessing = 0;
		};
/* End PBXFrameworksBuildPhase section */

/* Begin PBXGroup section */
		2402447EACF33AE4A44FAEBF /* Pods */ = {
			isa = PBXGroup;
			children = (
				59D9032C3B6AFB78DBEB1B56 /* Pods-InterviewUI.debug.xcconfig */,
				D1A30FB59D22A4D269BED58A /* Pods-InterviewUI.release.xcconfig */,
			);
			path = Pods;
			sourceTree = "<group>";
		};
		C958ECFD27DB38A20096EDB9 /* RunLoop */ = {
			isa = PBXGroup;
			children = (
				C958ECFE27DB38B70096EDB9 /* RunLoopViewController.swift */,
			);
			path = RunLoop;
			sourceTree = "<group>";
		};
		C95F452B27DB1786000672D0 /* Block */ = {
			isa = PBXGroup;
			children = (
				C95F452E27DB189C000672D0 /* BlockViewController.h */,
				C95F452F27DB189C000672D0 /* BlockViewController.m */,
			);
			path = Block;
			sourceTree = "<group>";
		};
		C95F453127DB1DD8000672D0 /* Thread */ = {
			isa = PBXGroup;
			children = (
				C95F453227DB1DF3000672D0 /* ThreadViewController.swift */,
			);
			path = Thread;
			sourceTree = "<group>";
		};
		C9A49F112754AA940055AFEF = {
			isa = PBXGroup;
			children = (
				C9A49F1C2754AA940055AFEF /* InterviewUI */,
				C9A49F1B2754AA940055AFEF /* Products */,
				C9BE150B27731817005058C8 /* Frameworks */,
				2402447EACF33AE4A44FAEBF /* Pods */,
			);
			sourceTree = "<group>";
		};
		C9A49F1B2754AA940055AFEF /* Products */ = {
			isa = PBXGroup;
			children = (
				C9A49F1A2754AA940055AFEF /* InterviewUI.app */,
			);
			name = Products;
			sourceTree = "<group>";
		};
		C9A49F1C2754AA940055AFEF /* InterviewUI */ = {
			isa = PBXGroup;
			children = (
				C9A49F1D2754AA940055AFEF /* AppDelegate.swift */,
				C9A49F262754AA950055AFEF /* Assets.xcassets */,
				C95F452B27DB1786000672D0 /* Block */,
				C9A49F432754C3DF0055AFEF /* BSBacktraceLogger.h */,
				C9A49F442754C3DF0055AFEF /* BSBacktraceLogger.m */,
				C9A49F2B2754AA960055AFEF /* Info.plist */,
				C9A49F3C2754C1810055AFEF /* InterviewUI-Bridging-Header.h */,
				C9A49F282754AA960055AFEF /* LaunchScreen.storyboard */,
				C9A49F232754AA940055AFEF /* Main.storyboard */,
				C9A49F212754AA940055AFEF /* PerformanceViewController.swift */,
				C9C3558427701E8600C6C01A /* ResponderGesture */,
				C958ECFD27DB38A20096EDB9 /* RunLoop */,
				C95F453127DB1DD8000672D0 /* Thread */,
				C9A49F382754AD1F0055AFEF /* ThreadPing.swift */,
			);
			path = InterviewUI;
			sourceTree = "<group>";
		};
		C9BE150B27731817005058C8 /* Frameworks */ = {
			isa = PBXGroup;
			children = (
				C91068BB27B4EDD700B37FA2 /* UIKit.framework */,
				F0540136968D6344FFB691C9 /* Pods_InterviewUI.framework */,
			);
			name = Frameworks;
			sourceTree = "<group>";
		};
		C9C3558427701E8600C6C01A /* ResponderGesture */ = {
			isa = PBXGroup;
			children = (
				C9C3558527701EA900C6C01A /* ResponderGestureViewController.swift */,
				C9C355872770274E00C6C01A /* HitTestView.swift */,
			);
			path = ResponderGesture;
			sourceTree = "<group>";
		};
/* End PBXGroup section */

/* Begin PBXNativeTarget section */
		C9A49F192754AA940055AFEF /* InterviewUI */ = {
			isa = PBXNativeTarget;
			buildConfigurationList = C9A49F2E2754AA960055AFEF /* Build configuration list for PBXNativeTarget "InterviewUI" */;
			buildPhases = (
				A58DFB8D7979F9CECB4EFF29 /* [CP] Check Pods Manifest.lock */,
				C9A49F162754AA940055AFEF /* Sources */,
				C9A49F172754AA940055AFEF /* Frameworks */,
				C9A49F182754AA940055AFEF /* Resources */,
				182D50AFCAD95445127AD8BB /* [CP] Embed Pods Frameworks */,
			);
			buildRules = (
			);
			dependencies = (
			);
			name = InterviewUI;
			productName = InterviewUI;
			productReference = C9A49F1A2754AA940055AFEF /* InterviewUI.app */;
			productType = "com.apple.product-type.application";
		};
/* End PBXNativeTarget section */

/* Begin PBXProject section */
		C9A49F122754AA940055AFEF /* Project object */ = {
			isa = PBXProject;
			attributes = {
				LastSwiftUpdateCheck = 1010;
				LastUpgradeCheck = 1010;
				TargetAttributes = {
					C9A49F192754AA940055AFEF = {
						CreatedOnToolsVersion = 10.1;
					};
				};
			};
			buildConfigurationList = C9A49F152754AA940055AFEF /* Build configuration list for PBXProject "InterviewUI" */;
			compatibilityVersion = "Xcode 9.3";
			developmentRegion = en;
			hasScannedForEncodings = 0;
			knownRegions = (
				en,
				Base,
			);
			mainGroup = C9A49F112754AA940055AFEF;
			packageReferences = (
				C9F5096627698C0000B0DE45 /* XCRemoteSwiftPackageReference "SwifterSwift" */,
				C9C3558127701D5200C6C01A /* XCRemoteSwiftPackageReference "SnapKit" */,
				C9BE15022772FB02005058C8 /* XCRemoteSwiftPackageReference "fmdb" */,
				C9BE15082773127D005058C8 /* XCRemoteSwiftPackageReference "CocoaLumberjack" */,
				C91068B227B4EC1E00B37FA2 /* XCRemoteSwiftPackageReference "Canary" */,
			);
			productRefGroup = C9A49F1B2754AA940055AFEF /* Products */;
			projectDirPath = "";
			projectRoot = "";
			targets = (
				C9A49F192754AA940055AFEF /* InterviewUI */,
			);
		};
/* End PBXProject section */

/* Begin PBXResourcesBuildPhase section */
		C9A49F182754AA940055AFEF /* Resources */ = {
			isa = PBXResourcesBuildPhase;
			buildActionMask = 2147483647;
			files = (
				C9A49F2A2754AA960055AFEF /* LaunchScreen.storyboard in Resources */,
				C9A49F272754AA950055AFEF /* Assets.xcassets in Resources */,
				C9A49F252754AA940055AFEF /* Main.storyboard in Resources */,
			);
			runOnlyForDeploymentPostprocessing = 0;
		};
/* End PBXResourcesBuildPhase section */

/* Begin PBXShellScriptBuildPhase section */
		182D50AFCAD95445127AD8BB /* [CP] Embed Pods Frameworks */ = {
			isa = PBXShellScriptBuildPhase;
			buildActionMask = 2147483647;
			files = (
			);
			inputFileListPaths = (
				"${PODS_ROOT}/Target Support Files/Pods-InterviewUI/Pods-InterviewUI-frameworks-${CONFIGURATION}-input-files.xcfilelist",
			);
			name = "[CP] Embed Pods Frameworks";
			outputFileListPaths = (
				"${PODS_ROOT}/Target Support Files/Pods-InterviewUI/Pods-InterviewUI-frameworks-${CONFIGURATION}-output-files.xcfilelist",
			);
			runOnlyForDeploymentPostprocessing = 0;
			shellPath = /bin/sh;
			shellScript = "\"${PODS_ROOT}/Target Support Files/Pods-InterviewUI/Pods-InterviewUI-frameworks.sh\"\n";
			showEnvVarsInLog = 0;
		};
		A58DFB8D7979F9CECB4EFF29 /* [CP] Check Pods Manifest.lock */ = {
			isa = PBXShellScriptBuildPhase;
			buildActionMask = 2147483647;
			files = (
			);
			inputFileListPaths = (
			);
			inputPaths = (
				"${PODS_PODFILE_DIR_PATH}/Podfile.lock",
				"${PODS_ROOT}/Manifest.lock",
			);
			name = "[CP] Check Pods Manifest.lock";
			outputFileListPaths = (
			);
			outputPaths = (
				"$(DERIVED_FILE_DIR)/Pods-InterviewUI-checkManifestLockResult.txt",
			);
			runOnlyForDeploymentPostprocessing = 0;
			shellPath = /bin/sh;
			shellScript = "diff \"${PODS_PODFILE_DIR_PATH}/Podfile.lock\" \"${PODS_ROOT}/Manifest.lock\" > /dev/null\nif [ $? != 0 ] ; then\n    # print error to STDERR\n    echo \"error: The sandbox is not in sync with the Podfile.lock. Run 'pod install' or update your CocoaPods installation.\" >&2\n    exit 1\nfi\n# This output is used by Xcode 'outputs' to avoid re-running this script phase.\necho \"SUCCESS\" > \"${SCRIPT_OUTPUT_FILE_0}\"\n";
			showEnvVarsInLog = 0;
		};
/* End PBXShellScriptBuildPhase section */

/* Begin PBXSourcesBuildPhase section */
		C9A49F162754AA940055AFEF /* Sources */ = {
			isa = PBXSourcesBuildPhase;
			buildActionMask = 2147483647;
			files = (
				C958ECFF27DB38B70096EDB9 /* RunLoopViewController.swift in Sources */,
				C9A49F222754AA940055AFEF /* PerformanceViewController.swift in Sources */,
				C9A49F392754AD1F0055AFEF /* ThreadPing.swift in Sources */,
				C9C355882770274E00C6C01A /* HitTestView.swift in Sources */,
				C9A49F1E2754AA940055AFEF /* AppDelegate.swift in Sources */,
				C95F453327DB1DF3000672D0 /* ThreadViewController.swift in Sources */,
				C95F453027DB189C000672D0 /* BlockViewController.m in Sources */,
				C9A49F452754C3DF0055AFEF /* BSBacktraceLogger.m in Sources */,
				C9C3558627701EA900C6C01A /* ResponderGestureViewController.swift in Sources */,
			);
			runOnlyForDeploymentPostprocessing = 0;
		};
/* End PBXSourcesBuildPhase section */

/* Begin PBXVariantGroup section */
		C9A49F232754AA940055AFEF /* Main.storyboard */ = {
			isa = PBXVariantGroup;
			children = (
				C9A49F242754AA940055AFEF /* Base */,
			);
			name = Main.storyboard;
			sourceTree = "<group>";
		};
		C9A49F282754AA960055AFEF /* LaunchScreen.storyboard */ = {
			isa = PBXVariantGroup;
			children = (
				C9A49F292754AA960055AFEF /* Base */,
			);
			name = LaunchScreen.storyboard;
			sourceTree = "<group>";
		};
/* End PBXVariantGroup section */

/* Begin XCBuildConfiguration section */
		C9A49F2C2754AA960055AFEF /* Debug */ = {
			isa = XCBuildConfiguration;
			buildSettings = {
				ALWAYS_SEARCH_USER_PATHS = NO;
				CLANG_ANALYZER_NONNULL = YES;
				CLANG_ANALYZER_NUMBER_OBJECT_CONVERSION = YES_AGGRESSIVE;
				CLANG_CXX_LANGUAGE_STANDARD = "gnu++17";
				CLANG_CXX_LIBRARY = "libc++";
				CLANG_ENABLE_MODULES = YES;
				CLANG_ENABLE_OBJC_ARC = YES;
				CLANG_ENABLE_OBJC_WEAK = YES;
				CLANG_WARN_BLOCK_CAPTURE_AUTORELEASING = YES;
				CLANG_WARN_BOOL_CONVERSION = YES;
				CLANG_WARN_COMMA = YES;
				CLANG_WARN_CONSTANT_CONVERSION = YES;
				CLANG_WARN_DEPRECATED_OBJC_IMPLEMENTATIONS = YES;
				CLANG_WARN_DIRECT_OBJC_ISA_USAGE = YES_ERROR;
				CLANG_WARN_DOCUMENTATION_COMMENTS = YES;
				CLANG_WARN_EMPTY_BODY = YES;
				CLANG_WARN_ENUM_CONVERSION = YES;
				CLANG_WARN_INFINITE_RECURSION = YES;
				CLANG_WARN_INT_CONVERSION = YES;
				CLANG_WARN_NON_LITERAL_NULL_CONVERSION = YES;
				CLANG_WARN_OBJC_IMPLICIT_RETAIN_SELF = YES;
				CLANG_WARN_OBJC_LITERAL_CONVERSION = YES;
				CLANG_WARN_OBJC_ROOT_CLASS = YES_ERROR;
				CLANG_WARN_QUOTED_INCLUDE_IN_FRAMEWORK_HEADER = YES;
				CLANG_WARN_RANGE_LOOP_ANALYSIS = YES;
				CLANG_WARN_STRICT_PROTOTYPES = YES;
				CLANG_WARN_SUSPICIOUS_MOVE = YES;
				CLANG_WARN_UNGUARDED_AVAILABILITY = YES_AGGRESSIVE;
				CLANG_WARN_UNREACHABLE_CODE = YES;
				CLANG_WARN__DUPLICATE_METHOD_MATCH = YES;
				COPY_PHASE_STRIP = NO;
				DEBUG_INFORMATION_FORMAT = dwarf;
				ENABLE_STRICT_OBJC_MSGSEND = YES;
				ENABLE_TESTABILITY = YES;
				GCC_C_LANGUAGE_STANDARD = gnu11;
				GCC_DYNAMIC_NO_PIC = NO;
				GCC_NO_COMMON_BLOCKS = YES;
				GCC_OPTIMIZATION_LEVEL = 0;
				GCC_PREPROCESSOR_DEFINITIONS = (
					"DEBUG=1",
					"$(inherited)",
				);
				GCC_WARN_64_TO_32_BIT_CONVERSION = YES;
				GCC_WARN_ABOUT_RETURN_TYPE = YES_ERROR;
				GCC_WARN_UNDECLARED_SELECTOR = YES;
				GCC_WARN_UNINITIALIZED_AUTOS = YES_AGGRESSIVE;
				GCC_WARN_UNUSED_FUNCTION = YES;
				GCC_WARN_UNUSED_VARIABLE = YES;
				IPHONEOS_DEPLOYMENT_TARGET = 9.0;
				MTL_ENABLE_DEBUG_INFO = INCLUDE_SOURCE;
				MTL_FAST_MATH = YES;
				ONLY_ACTIVE_ARCH = YES;
				SDKROOT = iphoneos;
				SWIFT_ACTIVE_COMPILATION_CONDITIONS = DEBUG;
				SWIFT_OPTIMIZATION_LEVEL = "-Onone";
				SWIFT_VERSION = 4.2;
			};
			name = Debug;
		};
		C9A49F2D2754AA960055AFEF /* Release */ = {
			isa = XCBuildConfiguration;
			buildSettings = {
				ALWAYS_SEARCH_USER_PATHS = NO;
				CLANG_ANALYZER_NONNULL = YES;
				CLANG_ANALYZER_NUMBER_OBJECT_CONVERSION = YES_AGGRESSIVE;
				CLANG_CXX_LANGUAGE_STANDARD = "gnu++17";
				CLANG_CXX_LIBRARY = "libc++";
				CLANG_ENABLE_MODULES = YES;
				CLANG_ENABLE_OBJC_ARC = YES;
				CLANG_ENABLE_OBJC_WEAK = YES;
				CLANG_WARN_BLOCK_CAPTURE_AUTORELEASING = YES;
				CLANG_WARN_BOOL_CONVERSION = YES;
				CLANG_WARN_COMMA = YES;
				CLANG_WARN_CONSTANT_CONVERSION = YES;
				CLANG_WARN_DEPRECATED_OBJC_IMPLEMENTATIONS = YES;
				CLANG_WARN_DIRECT_OBJC_ISA_USAGE = YES_ERROR;
				CLANG_WARN_DOCUMENTATION_COMMENTS = YES;
				CLANG_WARN_EMPTY_BODY = YES;
				CLANG_WARN_ENUM_CONVERSION = YES;
				CLANG_WARN_INFINITE_RECURSION = YES;
				CLANG_WARN_INT_CONVERSION = YES;
				CLANG_WARN_NON_LITERAL_NULL_CONVERSION = YES;
				CLANG_WARN_OBJC_IMPLICIT_RETAIN_SELF = YES;
				CLANG_WARN_OBJC_LITERAL_CONVERSION = YES;
				CLANG_WARN_OBJC_ROOT_CLASS = YES_ERROR;
				CLANG_WARN_QUOTED_INCLUDE_IN_FRAMEWORK_HEADER = YES;
				CLANG_WARN_RANGE_LOOP_ANALYSIS = YES;
				CLANG_WARN_STRICT_PROTOTYPES = YES;
				CLANG_WARN_SUSPICIOUS_MOVE = YES;
				CLANG_WARN_UNGUARDED_AVAILABILITY = YES_AGGRESSIVE;
				CLANG_WARN_UNREACHABLE_CODE = YES;
				CLANG_WARN__DUPLICATE_METHOD_MATCH = YES;
				COPY_PHASE_STRIP = NO;
				DEBUG_INFORMATION_FORMAT = "dwarf-with-dsym";
				ENABLE_NS_ASSERTIONS = NO;
				ENABLE_STRICT_OBJC_MSGSEND = YES;
				GCC_C_LANGUAGE_STANDARD = gnu11;
				GCC_NO_COMMON_BLOCKS = YES;
				GCC_WARN_64_TO_32_BIT_CONVERSION = YES;
				GCC_WARN_ABOUT_RETURN_TYPE = YES_ERROR;
				GCC_WARN_UNDECLARED_SELECTOR = YES;
				GCC_WARN_UNINITIALIZED_AUTOS = YES_AGGRESSIVE;
				GCC_WARN_UNUSED_FUNCTION = YES;
				GCC_WARN_UNUSED_VARIABLE = YES;
				IPHONEOS_DEPLOYMENT_TARGET = 9.0;
				MTL_ENABLE_DEBUG_INFO = NO;
				MTL_FAST_MATH = YES;
				SDKROOT = iphoneos;
				SWIFT_COMPILATION_MODE = wholemodule;
				SWIFT_OPTIMIZATION_LEVEL = "-O";
				SWIFT_VERSION = 4.2;
				VALIDATE_PRODUCT = YES;
			};
			name = Release;
		};
		C9A49F2F2754AA960055AFEF /* Debug */ = {
			isa = XCBuildConfiguration;
			baseConfigurationReference = 59D9032C3B6AFB78DBEB1B56 /* Pods-InterviewUI.debug.xcconfig */;
			buildSettings = {
				ASSETCATALOG_COMPILER_APPICON_NAME = AppIcon;
				ASSETCATALOG_COMPILER_GLOBAL_ACCENT_COLOR_NAME = AccentColor;
				CLANG_ENABLE_MODULES = YES;
				CODE_SIGN_IDENTITY = "Apple Development";
				CODE_SIGN_STYLE = Automatic;
				CURRENT_PROJECT_VERSION = 1;
				DEVELOPMENT_TEAM = 9V4T4T8D8H;
				GENERATE_INFOPLIST_FILE = YES;
				INFOPLIST_FILE = InterviewUI/Info.plist;
				INFOPLIST_KEY_UIApplicationSupportsIndirectInputEvents = YES;
				INFOPLIST_KEY_UILaunchStoryboardName = LaunchScreen;
				INFOPLIST_KEY_UIMainStoryboardFile = Main;
				INFOPLIST_KEY_UISupportedInterfaceOrientations_iPad = "UIInterfaceOrientationPortrait UIInterfaceOrientationPortraitUpsideDown UIInterfaceOrientationLandscapeLeft UIInterfaceOrientationLandscapeRight";
				INFOPLIST_KEY_UISupportedInterfaceOrientations_iPhone = "UIInterfaceOrientationPortrait UIInterfaceOrientationLandscapeLeft UIInterfaceOrientationLandscapeRight";
				LD_RUNPATH_SEARCH_PATHS = (
					"$(inherited)",
					"@executable_path/Frameworks",
				);
				MARKETING_VERSION = 1.0;
				PRODUCT_BUNDLE_IDENTIFIER = com.binaryparadise.interviewui;
				PRODUCT_NAME = "$(TARGET_NAME)";
				PROVISIONING_PROFILE_SPECIFIER = "";
				SWIFT_EMIT_LOC_STRINGS = YES;
				SWIFT_OBJC_BRIDGING_HEADER = "InterviewUI/InterviewUI-Bridging-Header.h";
				SWIFT_OPTIMIZATION_LEVEL = "-Onone";
				TARGETED_DEVICE_FAMILY = "1,2";
			};
			name = Debug;
		};
		C9A49F302754AA960055AFEF /* Release */ = {
			isa = XCBuildConfiguration;
			baseConfigurationReference = D1A30FB59D22A4D269BED58A /* Pods-InterviewUI.release.xcconfig */;
			buildSettings = {
				ASSETCATALOG_COMPILER_APPICON_NAME = AppIcon;
				ASSETCATALOG_COMPILER_GLOBAL_ACCENT_COLOR_NAME = AccentColor;
				CLANG_ENABLE_MODULES = YES;
				CODE_SIGN_IDENTITY = "Apple Development";
				CODE_SIGN_STYLE = Automatic;
				CURRENT_PROJECT_VERSION = 1;
				DEVELOPMENT_TEAM = 9V4T4T8D8H;
				GENERATE_INFOPLIST_FILE = YES;
				INFOPLIST_FILE = InterviewUI/Info.plist;
				INFOPLIST_KEY_UIApplicationSupportsIndirectInputEvents = YES;
				INFOPLIST_KEY_UILaunchStoryboardName = LaunchScreen;
				INFOPLIST_KEY_UIMainStoryboardFile = Main;
				INFOPLIST_KEY_UISupportedInterfaceOrientations_iPad = "UIInterfaceOrientationPortrait UIInterfaceOrientationPortraitUpsideDown UIInterfaceOrientationLandscapeLeft UIInterfaceOrientationLandscapeRight";
				INFOPLIST_KEY_UISupportedInterfaceOrientations_iPhone = "UIInterfaceOrientationPortrait UIInterfaceOrientationLandscapeLeft UIInterfaceOrientationLandscapeRight";
				LD_RUNPATH_SEARCH_PATHS = (
					"$(inherited)",
					"@executable_path/Frameworks",
				);
				MARKETING_VERSION = 1.0;
				PRODUCT_BUNDLE_IDENTIFIER = com.binaryparadise.interviewui;
				PRODUCT_NAME = "$(TARGET_NAME)";
				PROVISIONING_PROFILE_SPECIFIER = "";
				SWIFT_EMIT_LOC_STRINGS = YES;
				SWIFT_OBJC_BRIDGING_HEADER = "InterviewUI/InterviewUI-Bridging-Header.h";
				TARGETED_DEVICE_FAMILY = "1,2";
			};
			name = Release;
		};
/* End XCBuildConfiguration section */

/* Begin XCConfigurationList section */
		C9A49F152754AA940055AFEF /* Build configuration list for PBXProject "InterviewUI" */ = {
			isa = XCConfigurationList;
			buildConfigurations = (
				C9A49F2C2754AA960055AFEF /* Debug */,
				C9A49F2D2754AA960055AFEF /* Release */,
			);
			defaultConfigurationIsVisible = 0;
			defaultConfigurationName = Release;
		};
		C9A49F2E2754AA960055AFEF /* Build configuration list for PBXNativeTarget "InterviewUI" */ = {
			isa = XCConfigurationList;
			buildConfigurations = (
				C9A49F2F2754AA960055AFEF /* Debug */,
				C9A49F302754AA960055AFEF /* Release */,
			);
			defaultConfigurationIsVisible = 0;
			defaultConfigurationName = Release;
		};
/* End XCConfigurationList section */

/* Begin XCRemoteSwiftPackageReference section */
		C91068B227B4EC1E00B37FA2 /* XCRemoteSwiftPackageReference "Canary" */ = {
			isa = XCRemoteSwiftPackageReference;
			repositoryURL = "https://github.com/BinaryParadise/Canary.git";
			requirement = {
				kind = upToNextMinorVersion;
				minimumVersion = 0.8.4;
			};
		};
		C9BE15022772FB02005058C8 /* XCRemoteSwiftPackageReference "fmdb" */ = {
			isa = XCRemoteSwiftPackageReference;
			repositoryURL = "https://github.com/ccgus/fmdb.git";
			requirement = {
				kind = upToNextMinorVersion;
				minimumVersion = 2.7;
			};
		};
		C9BE15082773127D005058C8 /* XCRemoteSwiftPackageReference "CocoaLumberjack" */ = {
			isa = XCRemoteSwiftPackageReference;
			repositoryURL = "https://github.com/CocoaLumberjack/CocoaLumberjack.git";
			requirement = {
				kind = upToNextMinorVersion;
				minimumVersion = 3.7;
			};
		};
		C9C3558127701D5200C6C01A /* XCRemoteSwiftPackageReference "SnapKit" */ = {
			isa = XCRemoteSwiftPackageReference;
			repositoryURL = "https://github.com/SnapKit/SnapKit.git";
			requirement = {
				kind = upToNextMinorVersion;
				minimumVersion = 5.0;
			};
		};
		C9F5096627698C0000B0DE45 /* XCRemoteSwiftPackageReference "SwifterSwift" */ = {
			isa = XCRemoteSwiftPackageReference;
			repositoryURL = "https://github.com/SwifterSwift/SwifterSwift.git";
			requirement = {
				kind = upToNextMinorVersion;
				minimumVersion = 5.1;
			};
		};
/* End XCRemoteSwiftPackageReference section */
	};
	rootObject = C9A49F122754AA940055AFEF /* Project object */;
}
